
Microsoft Visual Studio Solution File, Format Version 12.00
# Visual Studio Version 16
VisualStudioVersion = 16.0.30907.101
MinimumVisualStudioVersion = 10.0.40219.1
Project("{FAE04EC0-301F-11D3-BF4B-00C04F79EFBC}") = "123Pay", "123Pay.csproj", "{1299A804-5084-4C6D-AFA1-3E3703A9B102}"
EndProject
Global
	GlobalSection(SolutionConfigurationPlatforms) = preSolution
		Debug|Any CPU = Debug|Any CPU
		Release|Any CPU = Release|Any CPU
	EndGlobalSection
	GlobalSection(ProjectConfigurationPlatforms) = postSolution
		{1299A804-5084-4C6D-AFA1-3E3703A9B102}.Debug|Any CPU.ActiveCfg = Debug|Any CPU
		{1299A804-5084-4C6D-AFA1-3E3703A9B102}.Debug|Any CPU.Build.0 = Debug|Any CPU
		{1299A804-5084-4C6D-AFA1-3E3703A9B102}.Release|Any CPU.ActiveCfg = Release|Any CPU
		{1299A804-5084-4C6D-AFA1-3E3703A9B102}.Release|Any CPU.Build.0 = Release|Any CPU
	EndGlobalSection
	GlobalSection(SolutionProperties) = preSolution
		HideSolutionNode = FALSE
	EndGlobalSection
	GlobalSection(ExtensibilityGlobals) = postSolution
		SolutionGuid = {D2C848AE-1025-4DD5-B82C-1B73C093DE0F}
	EndGlobalSection
EndGlobal
